github.com/go-resty/resty/v2 v2.16.5 h1:hBKqmWrr7uRc3euHVqmh1HTHcKn99Smr7o5spptdhTM=
github.com/go-resty/resty/v2 v2.16.5/go.mod h1:hkJtXbA2iKHzJheXYvQ8snQES5ZLGKMwQ07xAwp/fiA=
github.com/go-resty/resty/v2 v2.17.2 h1:FQW5oHYcIlkCNrMD2lloGScxcHJ0gkjshV3qcQAyHQk=
github.com/go-resty/resty/v2 v2.17.2/go.mod h1:kCKZ3wWmwJaNc7S29BRtUhJwy7iqmn+2mLtQrOyQlVA=
golang.org/x/net v0.33.0 h1:74SYHlV8BIgHIFC/LrYkOGIwL19eTYXQ5wc6TBuO36I=
golang.org/x/net v0.33.0/go.mod h1:HXLR5J+9DxmrqMwG9qjGCxZ+zKXxBru04zlTvWlWuN4=
golang.org/x/net v0.45.0 h1:RLBg5JKixCy82FtLJpeNlVM0nrSqpCRYzVU1n8kj0tM=
golang.org/x/net v0.45.0/go.mod h1:ECOoLqd5U3Lhyeyo/QDCEVQ4sNgYsqvCZ722XogGieY=
golang.org/x/net v0.51.0 h1:94R/GTO7mt3/4wIKpcR5gkGmRLOuE/2hNGeWq/GBIFo=
golang.org/x/net v0.51.0/go.mod h1:aamm+2QF5ogm02fjy5Bb7CQ0WMt1/WVM7FtyaTLlA9Y=
golang.org/x/time v0.6.0 h1:eTDhh4ZXt5Qf0augr54TN6suAUudPcawVZeIAPU7D4U=
golang.org/x/time v0.6.0/go.mod h1:3BpzKBy/shNhVucY/MWOyx10tF3SFh9QdLuxbVysPQM=
golang.org/x/time v0.14.0 h1:MRx4UaLrDotUKUdCIqzPC48t1Y9hANFKIRpNx+Te8PI=
golang.org/x/time v0.14.0/go.mod h1:eL/Oa2bBBK0TkX57Fyni+NgnyQQN4LitPmob2Hjnqw4=
